
Microsoft Visual Studio Solution File, Format Version 12.00
# Visual Studio Version 16
VisualStudioVersion = 16.0.29728.190
MinimumVisualStudioVersion = 10.0.40219.1
Project("{9A19103F-16F7-4668-BE54-9A1E7A4F7556}") = "Data", "Data\Data.csproj", "{AF85B12D-6348-4DAE-A1DA-E2B84090F835}"
EndProject
Project("{9A19103F-16F7-4668-BE54-9A1E7A4F7556}") = "Domain", "Domain\Domain.csproj", "{96F5B9E0-1886-483D-968F-76B8C685D1AC}"
EndProject
Project("{9A19103F-16F7-4668-BE54-9A1E7A4F7556}") = "Facade", "Facade\Facade.csproj", "{D108295D-2C10-4D0F-BBD6-795A5BF072F4}"
EndProject
Project("{9A19103F-16F7-4668-BE54-9A1E7A4F7556}") = "Infra", "Infra\Infra.csproj", "{441BD8B5-9BC3-4455-9D5E-6005059D36CB}"
EndProject
Project("{9A19103F-16F7-4668-BE54-9A1E7A4F7556}") = "Pages", "Pages\Pages.csproj", "{8DBF885E-5A7D-4DB2-A9CE-12EF070B44C8}"
EndProject
Project("{9A19103F-16F7-4668-BE54-9A1E7A4F7556}") = "Soft", "Soft\Soft.csproj", "{DF5E5545-F192-4D2D-91E3-39D693BB8546}"
EndProject
Project("{FAE04EC0-301F-11D3-BF4B-00C04F79EFBC}") = "Tests", "Tests\Tests.csproj", "{65E698DF-DCD7-489C-9921-A8C821C69C14}"
EndProject
Project("{FAE04EC0-301F-11D3-BF4B-00C04F79EFBC}") = "Aids", "Aids\Aids.csproj", "{D20E3ABB-4D03-415F-9871-3C1DCE526D61}"
EndProject
Global
	GlobalSection(SolutionConfigurationPlatforms) = preSolution
		Debug|Any CPU = Debug|Any CPU
		Release|Any CPU = Release|Any CPU
	EndGlobalSection
	GlobalSection(ProjectConfigurationPlatforms) = postSolution
		{AF85B12D-6348-4DAE-A1DA-E2B84090F835}.Debug|Any CPU.ActiveCfg = Debug|Any CPU
		{AF85B12D-6348-4DAE-A1DA-E2B84090F835}.Debug|Any CPU.Build.0 = Debug|Any CPU
		{AF85B12D-6348-4DAE-A1DA-E2B84090F835}.Release|Any CPU.ActiveCfg = Release|Any CPU
		{AF85B12D-6348-4DAE-A1DA-E2B84090F835}.Release|Any CPU.Build.0 = Release|Any CPU
		{96F5B9E0-1886-483D-968F-76B8C685D1AC}.Debug|Any CPU.ActiveCfg = Debug|Any CPU
		{96F5B9E0-1886-483D-968F-76B8C685D1AC}.Debug|Any CPU.Build.0 = Debug|Any CPU
		{96F5B9E0-1886-483D-968F-76B8C685D1AC}.Release|Any CPU.ActiveCfg = Release|Any CPU
		{96F5B9E0-1886-483D-968F-76B8C685D1AC}.Release|Any CPU.Build.0 = Release|Any CPU
		{D108295D-2C10-4D0F-BBD6-795A5BF072F4}.Debug|Any CPU.ActiveCfg = Debug|Any CPU
		{D108295D-2C10-4D0F-BBD6-795A5BF072F4}.Debug|Any CPU.Build.0 = Debug|Any CPU
		{D108295D-2C10-4D0F-BBD6-795A5BF072F4}.Release|Any CPU.ActiveCfg = Release|Any CPU
		{D108295D-2C10-4D0F-BBD6-795A5BF072F4}.Release|Any CPU.Build.0 = Release|Any CPU
		{441BD8B5-9BC3-4455-9D5E-6005059D36CB}.Debug|Any CPU.ActiveCfg = Debug|Any CPU
		{441BD8B5-9BC3-4455-9D5E-6005059D36CB}.Debug|Any CPU.Build.0 = Debug|Any CPU
		{441BD8B5-9BC3-4455-9D5E-6005059D36CB}.Release|Any CPU.ActiveCfg = Release|Any CPU
		{441BD8B5-9BC3-4455-9D5E-6005059D36CB}.Release|Any CPU.Build.0 = Release|Any CPU
		{8DBF885E-5A7D-4DB2-A9CE-12EF070B44C8}.Debug|Any CPU.ActiveCfg = Debug|Any CPU
		{8DBF885E-5A7D-4DB2-A9CE-12EF070B44C8}.Debug|Any CPU.Build.0 = Debug|Any CPU
		{8DBF885E-5A7D-4DB2-A9CE-12EF070B44C8}.Release|Any CPU.ActiveCfg = Release|Any CPU
		{8DBF885E-5A7D-4DB2-A9CE-12EF070B44C8}.Release|Any CPU.Build.0 = Release|Any CPU
		{DF5E5545-F192-4D2D-91E3-39D693BB8546}.Debug|Any CPU.ActiveCfg = Debug|Any CPU
		{DF5E5545-F192-4D2D-91E3-39D693BB8546}.Debug|Any CPU.Build.0 = Debug|Any CPU
		{DF5E5545-F192-4D2D-91E3-39D693BB8546}.Release|Any CPU.ActiveCfg = Release|Any CPU
		{DF5E5545-F192-4D2D-91E3-39D693BB8546}.Release|Any CPU.Build.0 = Release|Any CPU
		{65E698DF-DCD7-489C-9921-A8C821C69C14}.Debug|Any CPU.ActiveCfg = Debug|Any CPU
		{65E698DF-DCD7-489C-9921-A8C821C69C14}.Debug|Any CPU.Build.0 = Debug|Any CPU
		{65E698DF-DCD7-489C-9921-A8C821C69C14}.Release|Any CPU.ActiveCfg = Release|Any CPU
		{65E698DF-DCD7-489C-9921-A8C821C69C14}.Release|Any CPU.Build.0 = Release|Any CPU
		{D20E3ABB-4D03-415F-9871-3C1DCE526D61}.Debug|Any CPU.ActiveCfg = Debug|Any CPU
		{D20E3ABB-4D03-415F-9871-3C1DCE526D61}.Debug|Any CPU.Build.0 = Debug|Any CPU
		{D20E3ABB-4D03-415F-9871-3C1DCE526D61}.Release|Any CPU.ActiveCfg = Release|Any CPU
		{D20E3ABB-4D03-415F-9871-3C1DCE526D61}.Release|Any CPU.Build.0 = Release|Any CPU
	EndGlobalSection
	GlobalSection(SolutionProperties) = preSolution
		HideSolutionNode = FALSE
	EndGlobalSection
	GlobalSection(ExtensibilityGlobals) = postSolution
		SolutionGuid = {40413512-59E5-4702-B402-00533F2427FF}
	EndGlobalSection
EndGlobal
